// !$*UTF8*$!
{
	archiveVersion = 1;
	classes = {
	};
	objectVersion = 54;
	objects = {

/* Begin PBXBuildFile section */
		058557BB273AAA24004C7B11 /* Assets.xcassets in Resources */ = {isa = PBXBuildFile; fileRef = 058557BA273AAA24004C7B11 /* Assets.xcassets */; };
		058557D9273AAEEB004C7B11 /* Preview Assets.xcassets in Resources */ = {isa = PBXBuildFile; fileRef = 058557D8273AAEEB004C7B11 /* Preview Assets.xcassets */; };
		2152FB042600AC8F00CF470E /* iOSApp.swift in Sources */ = {isa = PBXBuildFile; fileRef = 2152FB032600AC8F00CF470E /* iOSApp.swift */; };
		9F2ACA162B4553D1001F40BC /* LoginViewController.swift in Sources */ = {isa = PBXBuildFile; fileRef = 9F2ACA122B4553D1001F40BC /* LoginViewController.swift */; };
		9F2ACA172B4553D1001F40BC /* RegisterViewController.swift in Sources */ = {isa = PBXBuildFile; fileRef = 9F2ACA132B4553D1001F40BC /* RegisterViewController.swift */; };
		9F2ACA1B2B4553F0001F40BC /* SplashViewController.swift in Sources */ = {isa = PBXBuildFile; fileRef = 9F2ACA1A2B4553F0001F40BC /* SplashViewController.swift */; };
		9F2ACA1D2B455459001F40BC /* VideoListViewController.swift in Sources */ = {isa = PBXBuildFile; fileRef = 9F2ACA1C2B455459001F40BC /* VideoListViewController.swift */; };
		9F2ACA232B455A73001F40BC /* PlayerViewController.swift in Sources */ = {isa = PBXBuildFile; fileRef = 9F2ACA222B455A73001F40BC /* PlayerViewController.swift */; };
		9FE87BAC2B43F6E8004A25F3 /* FirebaseAnalytics in Frameworks */ = {isa = PBXBuildFile; productRef = 9FE87BAB2B43F6E8004A25F3 /* FirebaseAnalytics */; };
		9FE87BAE2B43F6E8004A25F3 /* FirebaseAnalyticsOnDeviceConversion in Frameworks */ = {isa = PBXBuildFile; productRef = 9FE87BAD2B43F6E8004A25F3 /* FirebaseAnalyticsOnDeviceConversion */; };
		9FE87BB02B43F6E8004A25F3 /* FirebaseAnalyticsSwift in Frameworks */ = {isa = PBXBuildFile; productRef = 9FE87BAF2B43F6E8004A25F3 /* FirebaseAnalyticsSwift */; };
		9FE87BB22B43F6E8004A25F3 /* FirebaseAnalyticsWithoutAdIdSupport in Frameworks */ = {isa = PBXBuildFile; productRef = 9FE87BB12B43F6E8004A25F3 /* FirebaseAnalyticsWithoutAdIdSupport */; };
		9FE87BB42B43F6E8004A25F3 /* FirebaseAppCheck in Frameworks */ = {isa = PBXBuildFile; productRef = 9FE87BB32B43F6E8004A25F3 /* FirebaseAppCheck */; };
		9FE87BB62B43F6E8004A25F3 /* FirebaseAppDistribution-Beta in Frameworks */ = {isa = PBXBuildFile; productRef = 9FE87BB52B43F6E8004A25F3 /* FirebaseAppDistribution-Beta */; };
		9FE87BB82B43F6E8004A25F3 /* FirebaseAuth in Frameworks */ = {isa = PBXBuildFile; productRef = 9FE87BB72B43F6E8004A25F3 /* FirebaseAuth */; };
		9FE87BBA2B43F6E8004A25F3 /* FirebaseAuthCombine-Community in Frameworks */ = {isa = PBXBuildFile; productRef = 9FE87BB92B43F6E8004A25F3 /* FirebaseAuthCombine-Community */; };
		9FE87BBC2B43F6E8004A25F3 /* FirebaseCrashlytics in Frameworks */ = {isa = PBXBuildFile; productRef = 9FE87BBB2B43F6E8004A25F3 /* FirebaseCrashlytics */; };
		9FE87BBE2B43F6E8004A25F3 /* FirebaseDatabase in Frameworks */ = {isa = PBXBuildFile; productRef = 9FE87BBD2B43F6E8004A25F3 /* FirebaseDatabase */; };
		9FE87BC02B43F6E8004A25F3 /* FirebaseDatabaseSwift in Frameworks */ = {isa = PBXBuildFile; productRef = 9FE87BBF2B43F6E8004A25F3 /* FirebaseDatabaseSwift */; };
		9FE87BC22B43F6E8004A25F3 /* FirebaseDynamicLinks in Frameworks */ = {isa = PBXBuildFile; productRef = 9FE87BC12B43F6E8004A25F3 /* FirebaseDynamicLinks */; };
		9FE87BC42B43F6E8004A25F3 /* FirebaseFirestore in Frameworks */ = {isa = PBXBuildFile; productRef = 9FE87BC32B43F6E8004A25F3 /* FirebaseFirestore */; };
		9FE87BC62B43F6E8004A25F3 /* FirebaseFirestoreCombine-Community in Frameworks */ = {isa = PBXBuildFile; productRef = 9FE87BC52B43F6E8004A25F3 /* FirebaseFirestoreCombine-Community */; };
		9FE87BC82B43F6E8004A25F3 /* FirebaseFirestoreSwift in Frameworks */ = {isa = PBXBuildFile; productRef = 9FE87BC72B43F6E8004A25F3 /* FirebaseFirestoreSwift */; };
		9FE87BCA2B43F6E8004A25F3 /* FirebaseFunctions in Frameworks */ = {isa = PBXBuildFile; productRef = 9FE87BC92B43F6E8004A25F3 /* FirebaseFunctions */; };
		9FE87BCC2B43F6E8004A25F3 /* FirebaseFunctionsCombine-Community in Frameworks */ = {isa = PBXBuildFile; productRef = 9FE87BCB2B43F6E8004A25F3 /* FirebaseFunctionsCombine-Community */; };
		9FE87BCE2B43F6E8004A25F3 /* FirebaseInAppMessaging-Beta in Frameworks */ = {isa = PBXBuildFile; productRef = 9FE87BCD2B43F6E8004A25F3 /* FirebaseInAppMessaging-Beta */; };
		9FE87BD02B43F6E8004A25F3 /* FirebaseInAppMessagingSwift-Beta in Frameworks */ = {isa = PBXBuildFile; productRef = 9FE87BCF2B43F6E8004A25F3 /* FirebaseInAppMessagingSwift-Beta */; };
		9FE87BD22B43F6E8004A25F3 /* FirebaseInstallations in Frameworks */ = {isa = PBXBuildFile; productRef = 9FE87BD12B43F6E8004A25F3 /* FirebaseInstallations */; };
		9FE87BD42B43F6E8004A25F3 /* FirebaseMLModelDownloader in Frameworks */ = {isa = PBXBuildFile; productRef = 9FE87BD32B43F6E8004A25F3 /* FirebaseMLModelDownloader */; };
		9FE87BD62B43F6E8004A25F3 /* FirebaseMessaging in Frameworks */ = {isa = PBXBuildFile; productRef = 9FE87BD52B43F6E8004A25F3 /* FirebaseMessaging */; };
		9FE87BD82B43F6E8004A25F3 /* FirebasePerformance in Frameworks */ = {isa = PBXBuildFile; productRef = 9FE87BD72B43F6E8004A25F3 /* FirebasePerformance */; };
		9FE87BDA2B43F6E8004A25F3 /* FirebaseRemoteConfig in Frameworks */ = {isa = PBXBuildFile; productRef = 9FE87BD92B43F6E8004A25F3 /* FirebaseRemoteConfig */; };
		9FE87BDC2B43F6E8004A25F3 /* FirebaseRemoteConfigSwift in Frameworks */ = {isa = PBXBuildFile; productRef = 9FE87BDB2B43F6E8004A25F3 /* FirebaseRemoteConfigSwift */; };
		9FE87BDE2B43F6E8004A25F3 /* FirebaseStorage in Frameworks */ = {isa = PBXBuildFile; productRef = 9FE87BDD2B43F6E8004A25F3 /* FirebaseStorage */; };
		9FE87BE02B43F6E8004A25F3 /* FirebaseStorageCombine-Community in Frameworks */ = {isa = PBXBuildFile; productRef = 9FE87BDF2B43F6E8004A25F3 /* FirebaseStorageCombine-Community */; };
		9FE87BE42B444F99004A25F3 /* FirebaseAnalytics in Frameworks */ = {isa = PBXBuildFile; productRef = 9FE87BE32B444F99004A25F3 /* FirebaseAnalytics */; };
		9FE87BE62B444F99004A25F3 /* FirebaseAnalyticsOnDeviceConversion in Frameworks */ = {isa = PBXBuildFile; productRef = 9FE87BE52B444F99004A25F3 /* FirebaseAnalyticsOnDeviceConversion */; };
		9FE87BE82B444F99004A25F3 /* FirebaseAnalyticsSwift in Frameworks */ = {isa = PBXBuildFile; productRef = 9FE87BE72B444F99004A25F3 /* FirebaseAnalyticsSwift */; };
		9FE87BEA2B444F99004A25F3 /* FirebaseAnalyticsWithoutAdIdSupport in Frameworks */ = {isa = PBXBuildFile; productRef = 9FE87BE92B444F99004A25F3 /* FirebaseAnalyticsWithoutAdIdSupport */; };
		9FE87BEC2B444F9A004A25F3 /* FirebaseAppCheck in Frameworks */ = {isa = PBXBuildFile; productRef = 9FE87BEB2B444F99004A25F3 /* FirebaseAppCheck */; };
		9FE87BEE2B444F9A004A25F3 /* FirebaseAppDistribution-Beta in Frameworks */ = {isa = PBXBuildFile; productRef = 9FE87BED2B444F9A004A25F3 /* FirebaseAppDistribution-Beta */; };
		9FE87BF02B444F9A004A25F3 /* FirebaseAuth in Frameworks */ = {isa = PBXBuildFile; productRef = 9FE87BEF2B444F9A004A25F3 /* FirebaseAuth */; };
		9FE87BF22B444F9A004A25F3 /* FirebaseAuthCombine-Community in Frameworks */ = {isa = PBXBuildFile; productRef = 9FE87BF12B444F9A004A25F3 /* FirebaseAuthCombine-Community */; };
		9FE87BF42B444F9A004A25F3 /* FirebaseCrashlytics in Frameworks */ = {isa = PBXBuildFile; productRef = 9FE87BF32B444F9A004A25F3 /* FirebaseCrashlytics */; };
		9FE87BF62B444F9A004A25F3 /* FirebaseDatabase in Frameworks */ = {isa = PBXBuildFile; productRef = 9FE87BF52B444F9A004A25F3 /* FirebaseDatabase */; };
		9FE87BF82B444F9A004A25F3 /* FirebaseDatabaseSwift in Frameworks */ = {isa = PBXBuildFile; productRef = 9FE87BF72B444F9A004A25F3 /* FirebaseDatabaseSwift */; };
		9FE87BFA2B444F9A004A25F3 /* FirebaseDynamicLinks in Frameworks */ = {isa = PBXBuildFile; productRef = 9FE87BF92B444F9A004A25F3 /* FirebaseDynamicLinks */; };
		9FE87BFC2B444F9A004A25F3 /* FirebaseFirestore in Frameworks */ = {isa = PBXBuildFile; productRef = 9FE87BFB2B444F9A004A25F3 /* FirebaseFirestore */; };
		9FE87BFE2B444F9A004A25F3 /* FirebaseFirestoreCombine-Community in Frameworks */ = {isa = PBXBuildFile; productRef = 9FE87BFD2B444F9A004A25F3 /* FirebaseFirestoreCombine-Community */; };
		9FE87C002B444F9A004A25F3 /* FirebaseFirestoreSwift in Frameworks */ = {isa = PBXBuildFile; productRef = 9FE87BFF2B444F9A004A25F3 /* FirebaseFirestoreSwift */; };
		9FE87C022B444F9A004A25F3 /* FirebaseFunctions in Frameworks */ = {isa = PBXBuildFile; productRef = 9FE87C012B444F9A004A25F3 /* FirebaseFunctions */; };
		9FE87C042B444F9A004A25F3 /* FirebaseFunctionsCombine-Community in Frameworks */ = {isa = PBXBuildFile; productRef = 9FE87C032B444F9A004A25F3 /* FirebaseFunctionsCombine-Community */; };
		9FE87C062B444F9A004A25F3 /* FirebaseInAppMessaging-Beta in Frameworks */ = {isa = PBXBuildFile; productRef = 9FE87C052B444F9A004A25F3 /* FirebaseInAppMessaging-Beta */; };
		9FE87C082B444F9A004A25F3 /* FirebaseInAppMessagingSwift-Beta in Frameworks */ = {isa = PBXBuildFile; productRef = 9FE87C072B444F9A004A25F3 /* FirebaseInAppMessagingSwift-Beta */; };
		9FE87C0A2B444F9A004A25F3 /* FirebaseInstallations in Frameworks */ = {isa = PBXBuildFile; productRef = 9FE87C092B444F9A004A25F3 /* FirebaseInstallations */; };
		9FE87C0C2B444F9A004A25F3 /* FirebaseMLModelDownloader in Frameworks */ = {isa = PBXBuildFile; productRef = 9FE87C0B2B444F9A004A25F3 /* FirebaseMLModelDownloader */; };
		9FE87C0E2B444F9A004A25F3 /* FirebaseMessaging in Frameworks */ = {isa = PBXBuildFile; productRef = 9FE87C0D2B444F9A004A25F3 /* FirebaseMessaging */; };
		9FE87C102B444F9A004A25F3 /* FirebasePerformance in Frameworks */ = {isa = PBXBuildFile; productRef = 9FE87C0F2B444F9A004A25F3 /* FirebasePerformance */; };
		9FE87C122B444F9A004A25F3 /* FirebaseRemoteConfig in Frameworks */ = {isa = PBXBuildFile; productRef = 9FE87C112B444F9A004A25F3 /* FirebaseRemoteConfig */; };
		9FE87C142B444F9A004A25F3 /* FirebaseRemoteConfigSwift in Frameworks */ = {isa = PBXBuildFile; productRef = 9FE87C132B444F9A004A25F3 /* FirebaseRemoteConfigSwift */; };
		9FE87C162B444F9A004A25F3 /* FirebaseStorage in Frameworks */ = {isa = PBXBuildFile; productRef = 9FE87C152B444F9A004A25F3 /* FirebaseStorage */; };
		9FE87C182B444F9A004A25F3 /* FirebaseStorageCombine-Community in Frameworks */ = {isa = PBXBuildFile; productRef = 9FE87C172B444F9A004A25F3 /* FirebaseStorageCombine-Community */; };
		9FE87C1A2B4470CB004A25F3 /* GoogleService-Info.plist in Resources */ = {isa = PBXBuildFile; fileRef = 9FE87C192B4470CB004A25F3 /* GoogleService-Info.plist */; };
		F004F6A7A41EA8E5339D2363 /* Pods_iosApp.framework in Frameworks */ = {isa = PBXBuildFile; fileRef = 604D8EBD4E809253160F82CD /* Pods_iosApp.framework */; };
/* End PBXBuildFile section */

/* Begin PBXFileReference section */
		058557BA273AAA24004C7B11 /* Assets.xcassets */ = {isa = PBXFileReference; lastKnownFileType = folder.assetcatalog; path = Assets.xcassets; sourceTree = "<group>"; };
		058557D8273AAEEB004C7B11 /* Preview Assets.xcassets */ = {isa = PBXFileReference; lastKnownFileType = folder.assetcatalog; path = "Preview Assets.xcassets"; sourceTree = "<group>"; };
		2152FB032600AC8F00CF470E /* iOSApp.swift */ = {isa = PBXFileReference; lastKnownFileType = sourcecode.swift; path = iOSApp.swift; sourceTree = "<group>"; };
		2E2870738768F4980B945AAD /* Pods-iosApp.debug.xcconfig */ = {isa = PBXFileReference; includeInIndex = 1; lastKnownFileType = text.xcconfig; name = "Pods-iosApp.debug.xcconfig"; path = "Target Support Files/Pods-iosApp/Pods-iosApp.debug.xcconfig"; sourceTree = "<group>"; };
		604D8EBD4E809253160F82CD /* Pods_iosApp.framework */ = {isa = PBXFileReference; explicitFileType = wrapper.framework; includeInIndex = 0; path = Pods_iosApp.framework; sourceTree = BUILT_PRODUCTS_DIR; };
		63D2034919CC3F9E9E2431CD /* Pods-iosApp.release.xcconfig */ = {isa = PBXFileReference; includeInIndex = 1; lastKnownFileType = text.xcconfig; name = "Pods-iosApp.release.xcconfig"; path = "Target Support Files/Pods-iosApp/Pods-iosApp.release.xcconfig"; sourceTree = "<group>"; };
		7555FF7B242A565900829871 /* iosApp.app */ = {isa = PBXFileReference; explicitFileType = wrapper.application; includeInIndex = 0; path = iosApp.app; sourceTree = BUILT_PRODUCTS_DIR; };
		7555FF8C242A565B00829871 /* Info.plist */ = {isa = PBXFileReference; lastKnownFileType = text.plist.xml; path = Info.plist; sourceTree = "<group>"; };
		9F2ACA122B4553D1001F40BC /* LoginViewController.swift */ = {isa = PBXFileReference; fileEncoding = 4; lastKnownFileType = sourcecode.swift; path = LoginViewController.swift; sourceTree = "<group>"; };
		9F2ACA132B4553D1001F40BC /* RegisterViewController.swift */ = {isa = PBXFileReference; fileEncoding = 4; lastKnownFileType = sourcecode.swift; path = RegisterViewController.swift; sourceTree = "<group>"; };
		9F2ACA1A2B4553F0001F40BC /* SplashViewController.swift */ = {isa = PBXFileReference; fileEncoding = 4; lastKnownFileType = sourcecode.swift; name = SplashViewController.swift; path = ../../../../../../../../.Trash/SplashViewController.swift; sourceTree = "<group>"; };
		9F2ACA1C2B455459001F40BC /* VideoListViewController.swift */ = {isa = PBXFileReference; lastKnownFileType = sourcecode.swift; path = VideoListViewController.swift; sourceTree = "<group>"; };
		9F2ACA222B455A73001F40BC /* PlayerViewController.swift */ = {isa = PBXFileReference; lastKnownFileType = sourcecode.swift; path = PlayerViewController.swift; sourceTree = "<group>"; };
		9FE87C192B4470CB004A25F3 /* GoogleService-Info.plist */ = {isa = PBXFileReference; fileEncoding = 4; lastKnownFileType = text.plist.xml; name = "GoogleService-Info.plist"; path = "../../../../../../.Trash/GoogleService-Info.plist"; sourceTree = "<group>"; };
/* End PBXFileReference section */

/* Begin PBXFrameworksBuildPhase section */
		528017D889B100158885F91C /* Frameworks */ = {
			isa = PBXFrameworksBuildPhase;
			buildActionMask = 2147483647;
			files = (
				9FE87BCA2B43F6E8004A25F3 /* FirebaseFunctions in Frameworks */,
				9FE87BC02B43F6E8004A25F3 /* FirebaseDatabaseSwift in Frameworks */,
				9FE87BD02B43F6E8004A25F3 /* FirebaseInAppMessagingSwift-Beta in Frameworks */,
				9FE87BD62B43F6E8004A25F3 /* FirebaseMessaging in Frameworks */,
				9FE87BB62B43F6E8004A25F3 /* FirebaseAppDistribution-Beta in Frameworks */,
				9FE87BBA2B43F6E8004A25F3 /* FirebaseAuthCombine-Community in Frameworks */,
				9FE87BF82B444F9A004A25F3 /* FirebaseDatabaseSwift in Frameworks */,
				9FE87BE82B444F99004A25F3 /* FirebaseAnalyticsSwift in Frameworks */,
				9FE87BEA2B444F99004A25F3 /* FirebaseAnalyticsWithoutAdIdSupport in Frameworks */,
				9FE87BC62B43F6E8004A25F3 /* FirebaseFirestoreCombine-Community in Frameworks */,
				9FE87C082B444F9A004A25F3 /* FirebaseInAppMessagingSwift-Beta in Frameworks */,
				9FE87BFC2B444F9A004A25F3 /* FirebaseFirestore in Frameworks */,
				9FE87BE62B444F99004A25F3 /* FirebaseAnalyticsOnDeviceConversion in Frameworks */,
				9FE87BEC2B444F9A004A25F3 /* FirebaseAppCheck in Frameworks */,
				9FE87BB02B43F6E8004A25F3 /* FirebaseAnalyticsSwift in Frameworks */,
				9FE87BD42B43F6E8004A25F3 /* FirebaseMLModelDownloader in Frameworks */,
				9FE87C002B444F9A004A25F3 /* FirebaseFirestoreSwift in Frameworks */,
				9FE87BB22B43F6E8004A25F3 /* FirebaseAnalyticsWithoutAdIdSupport in Frameworks */,
				9FE87BAC2B43F6E8004A25F3 /* FirebaseAnalytics in Frameworks */,
				9FE87BC82B43F6E8004A25F3 /* FirebaseFirestoreSwift in Frameworks */,
				9FE87BF62B444F9A004A25F3 /* FirebaseDatabase in Frameworks */,
				9FE87BAE2B43F6E8004A25F3 /* FirebaseAnalyticsOnDeviceConversion in Frameworks */,
				9FE87C182B444F9A004A25F3 /* FirebaseStorageCombine-Community in Frameworks */,
				9FE87BFA2B444F9A004A25F3 /* FirebaseDynamicLinks in Frameworks */,
				9FE87C122B444F9A004A25F3 /* FirebaseRemoteConfig in Frameworks */,
				9FE87BB42B43F6E8004A25F3 /* FirebaseAppCheck in Frameworks */,
				9FE87BD82B43F6E8004A25F3 /* FirebasePerformance in Frameworks */,
				9FE87BF22B444F9A004A25F3 /* FirebaseAuthCombine-Community in Frameworks */,
				9FE87C102B444F9A004A25F3 /* FirebasePerformance in Frameworks */,
				9FE87BCE2B43F6E8004A25F3 /* FirebaseInAppMessaging-Beta in Frameworks */,
				9FE87C0A2B444F9A004A25F3 /* FirebaseInstallations in Frameworks */,
				9FE87BCC2B43F6E8004A25F3 /* FirebaseFunctionsCombine-Community in Frameworks */,
				9FE87BBC2B43F6E8004A25F3 /* FirebaseCrashlytics in Frameworks */,
				9FE87BFE2B444F9A004A25F3 /* FirebaseFirestoreCombine-Community in Frameworks */,
				9FE87BD22B43F6E8004A25F3 /* FirebaseInstallations in Frameworks */,
				9FE87C0E2B444F9A004A25F3 /* FirebaseMessaging in Frameworks */,
				9FE87BDA2B43F6E8004A25F3 /* FirebaseRemoteConfig in Frameworks */,
				9FE87C022B444F9A004A25F3 /* FirebaseFunctions in Frameworks */,
				9FE87C0C2B444F9A004A25F3 /* FirebaseMLModelDownloader in Frameworks */,
				9FE87BDE2B43F6E8004A25F3 /* FirebaseStorage in Frameworks */,
				9FE87C062B444F9A004A25F3 /* FirebaseInAppMessaging-Beta in Frameworks */,
				9FE87BF42B444F9A004A25F3 /* FirebaseCrashlytics in Frameworks */,
				9FE87BBE2B43F6E8004A25F3 /* FirebaseDatabase in Frameworks */,
				9FE87BF02B444F9A004A25F3 /* FirebaseAuth in Frameworks */,
				9FE87BE02B43F6E8004A25F3 /* FirebaseStorageCombine-Community in Frameworks */,
				9FE87BB82B43F6E8004A25F3 /* FirebaseAuth in Frameworks */,
				9FE87C042B444F9A004A25F3 /* FirebaseFunctionsCombine-Community in Frameworks */,
				9FE87BC22B43F6E8004A25F3 /* FirebaseDynamicLinks in Frameworks */,
				9FE87C162B444F9A004A25F3 /* FirebaseStorage in Frameworks */,
				9FE87BC42B43F6E8004A25F3 /* FirebaseFirestore in Frameworks */,
				9FE87BDC2B43F6E8004A25F3 /* FirebaseRemoteConfigSwift in Frameworks */,
				9FE87BEE2B444F9A004A25F3 /* FirebaseAppDistribution-Beta in Frameworks */,
				9FE87C142B444F9A004A25F3 /* FirebaseRemoteConfigSwift in Frameworks */,
				9FE87BE42B444F99004A25F3 /* FirebaseAnalytics in Frameworks */,
				F004F6A7A41EA8E5339D2363 /* Pods_iosApp.framework in Frameworks */,
			);
			runOnlyForDeploymentPostprocessing = 0;
		};
/* End PBXFrameworksBuildPhase section */

/* Begin PBXGroup section */
		058557D7273AAEEB004C7B11 /* Preview Content */ = {
			isa = PBXGroup;
			children = (
				058557D8273AAEEB004C7B11 /* Preview Assets.xcassets */,
			);
			path = "Preview Content";
			sourceTree = "<group>";
		};
		3F4B0B1620A6B8AD007929F4 /* Pods */ = {
			isa = PBXGroup;
			children = (
				2E2870738768F4980B945AAD /* Pods-iosApp.debug.xcconfig */,
				63D2034919CC3F9E9E2431CD /* Pods-iosApp.release.xcconfig */,
			);
			path = Pods;
			sourceTree = "<group>";
		};
		7417962DD20ECCC40F313423 /* Frameworks */ = {
			isa = PBXGroup;
			children = (
				604D8EBD4E809253160F82CD /* Pods_iosApp.framework */,
			);
			name = Frameworks;
			sourceTree = "<group>";
		};
		7555FF72242A565900829871 = {
			isa = PBXGroup;
			children = (
				7555FF7D242A565900829871 /* iosApp */,
				7555FF7C242A565900829871 /* Products */,
				3F4B0B1620A6B8AD007929F4 /* Pods */,
				7417962DD20ECCC40F313423 /* Frameworks */,
			);
			sourceTree = "<group>";
		};
		7555FF7C242A565900829871 /* Products */ = {
			isa = PBXGroup;
			children = (
				7555FF7B242A565900829871 /* iosApp.app */,
			);
			name = Products;
			sourceTree = "<group>";
		};
		7555FF7D242A565900829871 /* iosApp */ = {
			isa = PBXGroup;
			children = (
				9FE87C192B4470CB004A25F3 /* GoogleService-Info.plist */,
				9F294F852B3D376F00EB2D41 /* Presentation */,
				058557BA273AAA24004C7B11 /* Assets.xcassets */,
				7555FF8C242A565B00829871 /* Info.plist */,
				2152FB032600AC8F00CF470E /* iOSApp.swift */,
				058557D7273AAEEB004C7B11 /* Preview Content */,
			);
			path = iosApp;
			sourceTree = "<group>";
		};
		9F294F852B3D376F00EB2D41 /* Presentation */ = {
			isa = PBXGroup;
			children = (
				9F2ACA212B455A35001F40BC /* Register */,
				9F2ACA202B455A2F001F40BC /* Login */,
				9F2ACA1F2B455A21001F40BC /* Video */,
				9F2ACA1E2B455A1B001F40BC /* Player */,
				9F294F862B3D377A00EB2D41 /* Splash */,
			);
			path = Presentation;
			sourceTree = "<group>";
		};
		9F294F862B3D377A00EB2D41 /* Splash */ = {
			isa = PBXGroup;
			children = (
				9F2ACA1A2B4553F0001F40BC /* SplashViewController.swift */,
			);
			path = Splash;
			sourceTree = "<group>";
		};
		9F2ACA1E2B455A1B001F40BC /* Player */ = {
			isa = PBXGroup;
			children = (
				9F2ACA222B455A73001F40BC /* PlayerViewController.swift */,
			);
			path = Player;
			sourceTree = "<group>";
		};
		9F2ACA1F2B455A21001F40BC /* Video */ = {
			isa = PBXGroup;
			children = (
				9F2ACA1C2B455459001F40BC /* VideoListViewController.swift */,
			);
			path = Video;
			sourceTree = "<group>";
		};
		9F2ACA202B455A2F001F40BC /* Login */ = {
			isa = PBXGroup;
			children = (
				9F2ACA122B4553D1001F40BC /* LoginViewController.swift */,
			);
			path = Login;
			sourceTree = "<group>";
		};
		9F2ACA212B455A35001F40BC /* Register */ = {
			isa = PBXGroup;
			children = (
				9F2ACA132B4553D1001F40BC /* RegisterViewController.swift */,
			);
			path = Register;
			sourceTree = "<group>";
		};
/* End PBXGroup section */

/* Begin PBXNativeTarget section */
		7555FF7A242A565900829871 /* iosApp */ = {
			isa = PBXNativeTarget;
			buildConfigurationList = 7555FFA5242A565B00829871 /* Build configuration list for PBXNativeTarget "iosApp" */;
			buildPhases = (
				BB4A44B91DA3F52E2697E172 /* [CP] Check Pods Manifest.lock */,
				7555FF77242A565900829871 /* Sources */,
				7555FF79242A565900829871 /* Resources */,
				528017D889B100158885F91C /* Frameworks */,
				C1996E2752ED0B351CDF1EA1 /* [CP] Copy Pods Resources */,
			);
			buildRules = (
			);
			dependencies = (
			);
			name = iosApp;
			packageProductDependencies = (
				9FE87BAB2B43F6E8004A25F3 /* FirebaseAnalytics */,
				9FE87BAD2B43F6E8004A25F3 /* FirebaseAnalyticsOnDeviceConversion */,
				9FE87BAF2B43F6E8004A25F3 /* FirebaseAnalyticsSwift */,
				9FE87BB12B43F6E8004A25F3 /* FirebaseAnalyticsWithoutAdIdSupport */,
				9FE87BB32B43F6E8004A25F3 /* FirebaseAppCheck */,
				9FE87BB52B43F6E8004A25F3 /* FirebaseAppDistribution-Beta */,
				9FE87BB72B43F6E8004A25F3 /* FirebaseAuth */,
				9FE87BB92B43F6E8004A25F3 /* FirebaseAuthCombine-Community */,
				9FE87BBB2B43F6E8004A25F3 /* FirebaseCrashlytics */,
				9FE87BBD2B43F6E8004A25F3 /* FirebaseDatabase */,
				9FE87BBF2B43F6E8004A25F3 /* FirebaseDatabaseSwift */,
				9FE87BC12B43F6E8004A25F3 /* FirebaseDynamicLinks */,
				9FE87BC32B43F6E8004A25F3 /* FirebaseFirestore */,
				9FE87BC52B43F6E8004A25F3 /* FirebaseFirestoreCombine-Community */,
				9FE87BC72B43F6E8004A25F3 /* FirebaseFirestoreSwift */,
				9FE87BC92B43F6E8004A25F3 /* FirebaseFunctions */,
				9FE87BCB2B43F6E8004A25F3 /* FirebaseFunctionsCombine-Community */,
				9FE87BCD2B43F6E8004A25F3 /* FirebaseInAppMessaging-Beta */,
				9FE87BCF2B43F6E8004A25F3 /* FirebaseInAppMessagingSwift-Beta */,
				9FE87BD12B43F6E8004A25F3 /* FirebaseInstallations */,
				9FE87BD32B43F6E8004A25F3 /* FirebaseMLModelDownloader */,
				9FE87BD52B43F6E8004A25F3 /* FirebaseMessaging */,
				9FE87BD72B43F6E8004A25F3 /* FirebasePerformance */,
				9FE87BD92B43F6E8004A25F3 /* FirebaseRemoteConfig */,
				9FE87BDB2B43F6E8004A25F3 /* FirebaseRemoteConfigSwift */,
				9FE87BDD2B43F6E8004A25F3 /* FirebaseStorage */,
				9FE87BDF2B43F6E8004A25F3 /* FirebaseStorageCombine-Community */,
				9FE87BE32B444F99004A25F3 /* FirebaseAnalytics */,
				9FE87BE52B444F99004A25F3 /* FirebaseAnalyticsOnDeviceConversion */,
				9FE87BE72B444F99004A25F3 /* FirebaseAnalyticsSwift */,
				9FE87BE92B444F99004A25F3 /* FirebaseAnalyticsWithoutAdIdSupport */,
				9FE87BEB2B444F99004A25F3 /* FirebaseAppCheck */,
				9FE87BED2B444F9A004A25F3 /* FirebaseAppDistribution-Beta */,
				9FE87BEF2B444F9A004A25F3 /* FirebaseAuth */,
				9FE87BF12B444F9A004A25F3 /* FirebaseAuthCombine-Community */,
				9FE87BF32B444F9A004A25F3 /* FirebaseCrashlytics */,
				9FE87BF52B444F9A004A25F3 /* FirebaseDatabase */,
				9FE87BF72B444F9A004A25F3 /* FirebaseDatabaseSwift */,
				9FE87BF92B444F9A004A25F3 /* FirebaseDynamicLinks */,
				9FE87BFB2B444F9A004A25F3 /* FirebaseFirestore */,
				9FE87BFD2B444F9A004A25F3 /* FirebaseFirestoreCombine-Community */,
				9FE87BFF2B444F9A004A25F3 /* FirebaseFirestoreSwift */,
				9FE87C012B444F9A004A25F3 /* FirebaseFunctions */,
				9FE87C032B444F9A004A25F3 /* FirebaseFunctionsCombine-Community */,
				9FE87C052B444F9A004A25F3 /* FirebaseInAppMessaging-Beta */,
				9FE87C072B444F9A004A25F3 /* FirebaseInAppMessagingSwift-Beta */,
				9FE87C092B444F9A004A25F3 /* FirebaseInstallations */,
				9FE87C0B2B444F9A004A25F3 /* FirebaseMLModelDownloader */,
				9FE87C0D2B444F9A004A25F3 /* FirebaseMessaging */,
				9FE87C0F2B444F9A004A25F3 /* FirebasePerformance */,
				9FE87C112B444F9A004A25F3 /* FirebaseRemoteConfig */,
				9FE87C132B444F9A004A25F3 /* FirebaseRemoteConfigSwift */,
				9FE87C152B444F9A004A25F3 /* FirebaseStorage */,
				9FE87C172B444F9A004A25F3 /* FirebaseStorageCombine-Community */,
			);
			productName = iosApp;
			productReference = 7555FF7B242A565900829871 /* iosApp.app */;
			productType = "com.apple.product-type.application";
		};
/* End PBXNativeTarget section */

/* Begin PBXProject section */
		7555FF73242A565900829871 /* Project object */ = {
			isa = PBXProject;
			attributes = {
				LastSwiftUpdateCheck = 1130;
				LastUpgradeCheck = 1130;
				ORGANIZATIONNAME = orgName;
				TargetAttributes = {
					7555FF7A242A565900829871 = {
						CreatedOnToolsVersion = 11.3.1;
					};
				};
			};
			buildConfigurationList = 7555FF76242A565900829871 /* Build configuration list for PBXProject "iosApp" */;
			compatibilityVersion = "Xcode 9.3";
			developmentRegion = en;
			hasScannedForEncodings = 0;
			knownRegions = (
				en,
				Base,
			);
			mainGroup = 7555FF72242A565900829871;
			packageReferences = (
				9FE87BAA2B43F6E8004A25F3 /* XCRemoteSwiftPackageReference "firebase-ios-sdk" */,
			);
			productRefGroup = 7555FF7C242A565900829871 /* Products */;
			projectDirPath = "";
			projectRoot = "";
			targets = (
				7555FF7A242A565900829871 /* iosApp */,
			);
		};
/* End PBXProject section */

/* Begin PBXResourcesBuildPhase section */
		7555FF79242A565900829871 /* Resources */ = {
			isa = PBXResourcesBuildPhase;
			buildActionMask = 2147483647;
			files = (
				058557D9273AAEEB004C7B11 /* Preview Assets.xcassets in Resources */,
				058557BB273AAA24004C7B11 /* Assets.xcassets in Resources */,
				9FE87C1A2B4470CB004A25F3 /* GoogleService-Info.plist in Resources */,
			);
			runOnlyForDeploymentPostprocessing = 0;
		};
/* End PBXResourcesBuildPhase section */

/* Begin PBXShellScriptBuildPhase section */
		BB4A44B91DA3F52E2697E172 /* [CP] Check Pods Manifest.lock */ = {
			isa = PBXShellScriptBuildPhase;
			buildActionMask = 2147483647;
			files = (
			);
			inputFileListPaths = (
			);
			inputPaths = (
				"${PODS_PODFILE_DIR_PATH}/Podfile.lock",
				"${PODS_ROOT}/Manifest.lock",
			);
			name = "[CP] Check Pods Manifest.lock";
			outputFileListPaths = (
			);
			outputPaths = (
				"$(DERIVED_FILE_DIR)/Pods-iosApp-checkManifestLockResult.txt",
			);
			runOnlyForDeploymentPostprocessing = 0;
			shellPath = /bin/sh;
			shellScript = "diff \"${PODS_PODFILE_DIR_PATH}/Podfile.lock\" \"${PODS_ROOT}/Manifest.lock\" > /dev/null\nif [ $? != 0 ] ; then\n    # print error to STDERR\n    echo \"error: The sandbox is not in sync with the Podfile.lock. Run 'pod install' or update your CocoaPods installation.\" >&2\n    exit 1\nfi\n# This output is used by Xcode 'outputs' to avoid re-running this script phase.\necho \"SUCCESS\" > \"${SCRIPT_OUTPUT_FILE_0}\"\n";
			showEnvVarsInLog = 0;
		};
		C1996E2752ED0B351CDF1EA1 /* [CP] Copy Pods Resources */ = {
			isa = PBXShellScriptBuildPhase;
			buildActionMask = 2147483647;
			files = (
			);
			inputFileListPaths = (
				"${PODS_ROOT}/Target Support Files/Pods-iosApp/Pods-iosApp-resources-${CONFIGURATION}-input-files.xcfilelist",
			);
			name = "[CP] Copy Pods Resources";
			outputFileListPaths = (
				"${PODS_ROOT}/Target Support Files/Pods-iosApp/Pods-iosApp-resources-${CONFIGURATION}-output-files.xcfilelist",
			);
			runOnlyForDeploymentPostprocessing = 0;
			shellPath = /bin/sh;
			shellScript = "\"${PODS_ROOT}/Target Support Files/Pods-iosApp/Pods-iosApp-resources.sh\"\n";
			showEnvVarsInLog = 0;
		};
/* End PBXShellScriptBuildPhase section */

/* Begin PBXSourcesBuildPhase section */
		7555FF77242A565900829871 /* Sources */ = {
			isa = PBXSourcesBuildPhase;
			buildActionMask = 2147483647;
			files = (
				9F2ACA1D2B455459001F40BC /* VideoListViewController.swift in Sources */,
				2152FB042600AC8F00CF470E /* iOSApp.swift in Sources */,
				9F2ACA172B4553D1001F40BC /* RegisterViewController.swift in Sources */,
				9F2ACA232B455A73001F40BC /* PlayerViewController.swift in Sources */,
				9F2ACA1B2B4553F0001F40BC /* SplashViewController.swift in Sources */,
				9F2ACA162B4553D1001F40BC /* LoginViewController.swift in Sources */,
			);
			runOnlyForDeploymentPostprocessing = 0;
		};
/* End PBXSourcesBuildPhase section */

/* Begin XCBuildConfiguration section */
		7555FFA3242A565B00829871 /* Debug */ = {
			isa = XCBuildConfiguration;
			buildSettings = {
				ALWAYS_SEARCH_USER_PATHS = NO;
				CLANG_ANALYZER_NONNULL = YES;
				CLANG_ANALYZER_NUMBER_OBJECT_CONVERSION = YES_AGGRESSIVE;
				CLANG_CXX_LANGUAGE_STANDARD = "gnu++14";
				CLANG_CXX_LIBRARY = "libc++";
				CLANG_ENABLE_MODULES = YES;
				CLANG_ENABLE_OBJC_ARC = YES;
				CLANG_ENABLE_OBJC_WEAK = YES;
				CLANG_WARN_BLOCK_CAPTURE_AUTORELEASING = YES;
				CLANG_WARN_BOOL_CONVERSION = YES;
				CLANG_WARN_COMMA = YES;
				CLANG_WARN_CONSTANT_CONVERSION = YES;
				CLANG_WARN_DEPRECATED_OBJC_IMPLEMENTATIONS = YES;
				CLANG_WARN_DIRECT_OBJC_ISA_USAGE = YES_ERROR;
				CLANG_WARN_DOCUMENTATION_COMMENTS = YES;
				CLANG_WARN_EMPTY_BODY = YES;
				CLANG_WARN_ENUM_CONVERSION = YES;
				CLANG_WARN_INFINITE_RECURSION = YES;
				CLANG_WARN_INT_CONVERSION = YES;
				CLANG_WARN_NON_LITERAL_NULL_CONVERSION = YES;
				CLANG_WARN_OBJC_IMPLICIT_RETAIN_SELF = YES;
				CLANG_WARN_OBJC_LITERAL_CONVERSION = YES;
				CLANG_WARN_OBJC_ROOT_CLASS = YES_ERROR;
				CLANG_WARN_QUOTED_INCLUDE_IN_FRAMEWORK_HEADER = YES;
				CLANG_WARN_RANGE_LOOP_ANALYSIS = YES;
				CLANG_WARN_STRICT_PROTOTYPES = YES;
				CLANG_WARN_SUSPICIOUS_MOVE = YES;
				CLANG_WARN_UNGUARDED_AVAILABILITY = YES_AGGRESSIVE;
				CLANG_WARN_UNREACHABLE_CODE = YES;
				CLANG_WARN__DUPLICATE_METHOD_MATCH = YES;
				COPY_PHASE_STRIP = NO;
				DEBUG_INFORMATION_FORMAT = "dwarf-with-dsym";
				ENABLE_STRICT_OBJC_MSGSEND = YES;
				ENABLE_TESTABILITY = YES;
				GCC_C_LANGUAGE_STANDARD = gnu11;
				GCC_DYNAMIC_NO_PIC = NO;
				GCC_NO_COMMON_BLOCKS = YES;
				GCC_OPTIMIZATION_LEVEL = 0;
				GCC_PREPROCESSOR_DEFINITIONS = (
					"DEBUG=1",
					"$(inherited)",
				);
				GCC_WARN_64_TO_32_BIT_CONVERSION = YES;
				GCC_WARN_ABOUT_RETURN_TYPE = YES_ERROR;
				GCC_WARN_UNDECLARED_SELECTOR = YES;
				GCC_WARN_UNINITIALIZED_AUTOS = YES_AGGRESSIVE;
				GCC_WARN_UNUSED_FUNCTION = YES;
				GCC_WARN_UNUSED_VARIABLE = YES;
				IPHONEOS_DEPLOYMENT_TARGET = 16.0;
				MTL_ENABLE_DEBUG_INFO = INCLUDE_SOURCE;
				MTL_FAST_MATH = YES;
				ONLY_ACTIVE_ARCH = YES;
				SDKROOT = iphoneos;
				SWIFT_ACTIVE_COMPILATION_CONDITIONS = DEBUG;
				SWIFT_OPTIMIZATION_LEVEL = "-Onone";
			};
			name = Debug;
		};
		7555FFA4242A565B00829871 /* Release */ = {
			isa = XCBuildConfiguration;
			buildSettings = {
				ALWAYS_SEARCH_USER_PATHS = NO;
				CLANG_ANALYZER_NONNULL = YES;
				CLANG_ANALYZER_NUMBER_OBJECT_CONVERSION = YES_AGGRESSIVE;
				CLANG_CXX_LANGUAGE_STANDARD = "gnu++14";
				CLANG_CXX_LIBRARY = "libc++";
				CLANG_ENABLE_MODULES = YES;
				CLANG_ENABLE_OBJC_ARC = YES;
				CLANG_ENABLE_OBJC_WEAK = YES;
				CLANG_WARN_BLOCK_CAPTURE_AUTORELEASING = YES;
				CLANG_WARN_BOOL_CONVERSION = YES;
				CLANG_WARN_COMMA = YES;
				CLANG_WARN_CONSTANT_CONVERSION = YES;
				CLANG_WARN_DEPRECATED_OBJC_IMPLEMENTATIONS = YES;
				CLANG_WARN_DIRECT_OBJC_ISA_USAGE = YES_ERROR;
				CLANG_WARN_DOCUMENTATION_COMMENTS = YES;
				CLANG_WARN_EMPTY_BODY = YES;
				CLANG_WARN_ENUM_CONVERSION = YES;
				CLANG_WARN_INFINITE_RECURSION = YES;
				CLANG_WARN_INT_CONVERSION = YES;
				CLANG_WARN_NON_LITERAL_NULL_CONVERSION = YES;
				CLANG_WARN_OBJC_IMPLICIT_RETAIN_SELF = YES;
				CLANG_WARN_OBJC_LITERAL_CONVERSION = YES;
				CLANG_WARN_OBJC_ROOT_CLASS = YES_ERROR;
				CLANG_WARN_QUOTED_INCLUDE_IN_FRAMEWORK_HEADER = YES;
				CLANG_WARN_RANGE_LOOP_ANALYSIS = YES;
				CLANG_WARN_STRICT_PROTOTYPES = YES;
				CLANG_WARN_SUSPICIOUS_MOVE = YES;
				CLANG_WARN_UNGUARDED_AVAILABILITY = YES_AGGRESSIVE;
				CLANG_WARN_UNREACHABLE_CODE = YES;
				CLANG_WARN__DUPLICATE_METHOD_MATCH = YES;
				COPY_PHASE_STRIP = NO;
				DEBUG_INFORMATION_FORMAT = "dwarf-with-dsym";
				ENABLE_NS_ASSERTIONS = NO;
				ENABLE_STRICT_OBJC_MSGSEND = YES;
				GCC_C_LANGUAGE_STANDARD = gnu11;
				GCC_NO_COMMON_BLOCKS = YES;
				GCC_WARN_64_TO_32_BIT_CONVERSION = YES;
				GCC_WARN_ABOUT_RETURN_TYPE = YES_ERROR;
				GCC_WARN_UNDECLARED_SELECTOR = YES;
				GCC_WARN_UNINITIALIZED_AUTOS = YES_AGGRESSIVE;
				GCC_WARN_UNUSED_FUNCTION = YES;
				GCC_WARN_UNUSED_VARIABLE = YES;
				IPHONEOS_DEPLOYMENT_TARGET = 16.0;
				MTL_ENABLE_DEBUG_INFO = NO;
				MTL_FAST_MATH = YES;
				SDKROOT = iphoneos;
				SWIFT_COMPILATION_MODE = wholemodule;
				SWIFT_OPTIMIZATION_LEVEL = "-O";
				VALIDATE_PRODUCT = YES;
			};
			name = Release;
		};
		7555FFA6242A565B00829871 /* Debug */ = {
			isa = XCBuildConfiguration;
			baseConfigurationReference = 2E2870738768F4980B945AAD /* Pods-iosApp.debug.xcconfig */;
			buildSettings = {
				ASSETCATALOG_COMPILER_APPICON_NAME = AppIcon;
				CODE_SIGN_IDENTITY = "Apple Development";
				CODE_SIGN_STYLE = Automatic;
				DEVELOPMENT_ASSET_PATHS = "\"iosApp/Preview Content\"";
				DEVELOPMENT_TEAM = XADCG9YMZ3;
				ENABLE_PREVIEWS = YES;
				INFOPLIST_FILE = iosApp/Info.plist;
				INFOPLIST_KEY_CFBundleDisplayName = JinKyuTv;
				LD_RUNPATH_SEARCH_PATHS = (
					"$(inherited)",
					"@executable_path/Frameworks",
				);
				PRODUCT_BUNDLE_IDENTIFIER = com.jinkyu.tv;
				PRODUCT_NAME = "$(TARGET_NAME)";
				PROVISIONING_PROFILE_SPECIFIER = "";
				SWIFT_VERSION = 5.0;
				TARGETED_DEVICE_FAMILY = "1,2";
			};
			name = Debug;
		};
		7555FFA7242A565B00829871 /* Release */ = {
			isa = XCBuildConfiguration;
			baseConfigurationReference = 63D2034919CC3F9E9E2431CD /* Pods-iosApp.release.xcconfig */;
			buildSettings = {
				ASSETCATALOG_COMPILER_APPICON_NAME = AppIcon;
				CODE_SIGN_IDENTITY = "Apple Development";
				CODE_SIGN_STYLE = Automatic;
				DEVELOPMENT_ASSET_PATHS = "\"iosApp/Preview Content\"";
				DEVELOPMENT_TEAM = XADCG9YMZ3;
				ENABLE_PREVIEWS = YES;
				INFOPLIST_FILE = iosApp/Info.plist;
				INFOPLIST_KEY_CFBundleDisplayName = JinKyuTv;
				LD_RUNPATH_SEARCH_PATHS = (
					"$(inherited)",
					"@executable_path/Frameworks",
				);
				PRODUCT_BUNDLE_IDENTIFIER = com.jinkyu.tv;
				PRODUCT_NAME = "$(TARGET_NAME)";
				PROVISIONING_PROFILE_SPECIFIER = "";
				SWIFT_VERSION = 5.0;
				TARGETED_DEVICE_FAMILY = "1,2";
			};
			name = Release;
		};
/* End XCBuildConfiguration section */

/* Begin XCConfigurationList section */
		7555FF76242A565900829871 /* Build configuration list for PBXProject "iosApp" */ = {
			isa = XCConfigurationList;
			buildConfigurations = (
				7555FFA3242A565B00829871 /* Debug */,
				7555FFA4242A565B00829871 /* Release */,
			);
			defaultConfigurationIsVisible = 0;
			defaultConfigurationName = Release;
		};
		7555FFA5242A565B00829871 /* Build configuration list for PBXNativeTarget "iosApp" */ = {
			isa = XCConfigurationList;
			buildConfigurations = (
				7555FFA6242A565B00829871 /* Debug */,
				7555FFA7242A565B00829871 /* Release */,
			);
			defaultConfigurationIsVisible = 0;
			defaultConfigurationName = Release;
		};
/* End XCConfigurationList section */

/* Begin XCRemoteSwiftPackageReference section */
		9FE87BAA2B43F6E8004A25F3 /* XCRemoteSwiftPackageReference "firebase-ios-sdk" */ = {
			isa = XCRemoteSwiftPackageReference;
			repositoryURL = "https://github.com/firebase/firebase-ios-sdk";
			requirement = {
				kind = upToNextMajorVersion;
				minimumVersion = 10.19.1;
			};
		};
/* End XCRemoteSwiftPackageReference section */

/* Begin XCSwiftPackageProductDependency section */
		9FE87BAB2B43F6E8004A25F3 /* FirebaseAnalytics */ = {
			isa = XCSwiftPackageProductDependency;
			package = 9FE87BAA2B43F6E8004A25F3 /* XCRemoteSwiftPackageReference "firebase-ios-sdk" */;
			productName = FirebaseAnalytics;
		};
		9FE87BAD2B43F6E8004A25F3 /* FirebaseAnalyticsOnDeviceConversion */ = {
			isa = XCSwiftPackageProductDependency;
			package = 9FE87BAA2B43F6E8004A25F3 /* XCRemoteSwiftPackageReference "firebase-ios-sdk" */;
			productName = FirebaseAnalyticsOnDeviceConversion;
		};
		9FE87BAF2B43F6E8004A25F3 /* FirebaseAnalyticsSwift */ = {
			isa = XCSwiftPackageProductDependency;
			package = 9FE87BAA2B43F6E8004A25F3 /* XCRemoteSwiftPackageReference "firebase-ios-sdk" */;
			productName = FirebaseAnalyticsSwift;
		};
		9FE87BB12B43F6E8004A25F3 /* FirebaseAnalyticsWithoutAdIdSupport */ = {
			isa = XCSwiftPackageProductDependency;
			package = 9FE87BAA2B43F6E8004A25F3 /* XCRemoteSwiftPackageReference "firebase-ios-sdk" */;
			productName = FirebaseAnalyticsWithoutAdIdSupport;
		};
		9FE87BB32B43F6E8004A25F3 /* FirebaseAppCheck */ = {
			isa = XCSwiftPackageProductDependency;
			package = 9FE87BAA2B43F6E8004A25F3 /* XCRemoteSwiftPackageReference "firebase-ios-sdk" */;
			productName = FirebaseAppCheck;
		};
		9FE87BB52B43F6E8004A25F3 /* FirebaseAppDistribution-Beta */ = {
			isa = XCSwiftPackageProductDependency;
			package = 9FE87BAA2B43F6E8004A25F3 /* XCRemoteSwiftPackageReference "firebase-ios-sdk" */;
			productName = "FirebaseAppDistribution-Beta";
		};
		9FE87BB72B43F6E8004A25F3 /* FirebaseAuth */ = {
			isa = XCSwiftPackageProductDependency;
			package = 9FE87BAA2B43F6E8004A25F3 /* XCRemoteSwiftPackageReference "firebase-ios-sdk" */;
			productName = FirebaseAuth;
		};
		9FE87BB92B43F6E8004A25F3 /* FirebaseAuthCombine-Community */ = {
			isa = XCSwiftPackageProductDependency;
			package = 9FE87BAA2B43F6E8004A25F3 /* XCRemoteSwiftPackageReference "firebase-ios-sdk" */;
			productName = "FirebaseAuthCombine-Community";
		};
		9FE87BBB2B43F6E8004A25F3 /* FirebaseCrashlytics */ = {
			isa = XCSwiftPackageProductDependency;
			package = 9FE87BAA2B43F6E8004A25F3 /* XCRemoteSwiftPackageReference "firebase-ios-sdk" */;
			productName = FirebaseCrashlytics;
		};
		9FE87BBD2B43F6E8004A25F3 /* FirebaseDatabase */ = {
			isa = XCSwiftPackageProductDependency;
			package = 9FE87BAA2B43F6E8004A25F3 /* XCRemoteSwiftPackageReference "firebase-ios-sdk" */;
			productName = FirebaseDatabase;
		};
		9FE87BBF2B43F6E8004A25F3 /* FirebaseDatabaseSwift */ = {
			isa = XCSwiftPackageProductDependency;
			package = 9FE87BAA2B43F6E8004A25F3 /* XCRemoteSwiftPackageReference "firebase-ios-sdk" */;
			productName = FirebaseDatabaseSwift;
		};
		9FE87BC12B43F6E8004A25F3 /* FirebaseDynamicLinks */ = {
			isa = XCSwiftPackageProductDependency;
			package = 9FE87BAA2B43F6E8004A25F3 /* XCRemoteSwiftPackageReference "firebase-ios-sdk" */;
			productName = FirebaseDynamicLinks;
		};
		9FE87BC32B43F6E8004A25F3 /* FirebaseFirestore */ = {
			isa = XCSwiftPackageProductDependency;
			package = 9FE87BAA2B43F6E8004A25F3 /* XCRemoteSwiftPackageReference "firebase-ios-sdk" */;
			productName = FirebaseFirestore;
		};
		9FE87BC52B43F6E8004A25F3 /* FirebaseFirestoreCombine-Community */ = {
			isa = XCSwiftPackageProductDependency;
			package = 9FE87BAA2B43F6E8004A25F3 /* XCRemoteSwiftPackageReference "firebase-ios-sdk" */;
			productName = "FirebaseFirestoreCombine-Community";
		};
		9FE87BC72B43F6E8004A25F3 /* FirebaseFirestoreSwift */ = {
			isa = XCSwiftPackageProductDependency;
			package = 9FE87BAA2B43F6E8004A25F3 /* XCRemoteSwiftPackageReference "firebase-ios-sdk" */;
			productName = FirebaseFirestoreSwift;
		};
		9FE87BC92B43F6E8004A25F3 /* FirebaseFunctions */ = {
			isa = XCSwiftPackageProductDependency;
			package = 9FE87BAA2B43F6E8004A25F3 /* XCRemoteSwiftPackageReference "firebase-ios-sdk" */;
			productName = FirebaseFunctions;
		};
		9FE87BCB2B43F6E8004A25F3 /* FirebaseFunctionsCombine-Community */ = {
			isa = XCSwiftPackageProductDependency;
			package = 9FE87BAA2B43F6E8004A25F3 /* XCRemoteSwiftPackageReference "firebase-ios-sdk" */;
			productName = "FirebaseFunctionsCombine-Community";
		};
		9FE87BCD2B43F6E8004A25F3 /* FirebaseInAppMessaging-Beta */ = {
			isa = XCSwiftPackageProductDependency;
			package = 9FE87BAA2B43F6E8004A25F3 /* XCRemoteSwiftPackageReference "firebase-ios-sdk" */;
			productName = "FirebaseInAppMessaging-Beta";
		};
		9FE87BCF2B43F6E8004A25F3 /* FirebaseInAppMessagingSwift-Beta */ = {
			isa = XCSwiftPackageProductDependency;
			package = 9FE87BAA2B43F6E8004A25F3 /* XCRemoteSwiftPackageReference "firebase-ios-sdk" */;
			productName = "FirebaseInAppMessagingSwift-Beta";
		};
		9FE87BD12B43F6E8004A25F3 /* FirebaseInstallations */ = {
			isa = XCSwiftPackageProductDependency;
			package = 9FE87BAA2B43F6E8004A25F3 /* XCRemoteSwiftPackageReference "firebase-ios-sdk" */;
			productName = FirebaseInstallations;
		};
		9FE87BD32B43F6E8004A25F3 /* FirebaseMLModelDownloader */ = {
			isa = XCSwiftPackageProductDependency;
			package = 9FE87BAA2B43F6E8004A25F3 /* XCRemoteSwiftPackageReference "firebase-ios-sdk" */;
			productName = FirebaseMLModelDownloader;
		};
		9FE87BD52B43F6E8004A25F3 /* FirebaseMessaging */ = {
			isa = XCSwiftPackageProductDependency;
			package = 9FE87BAA2B43F6E8004A25F3 /* XCRemoteSwiftPackageReference "firebase-ios-sdk" */;
			productName = FirebaseMessaging;
		};
		9FE87BD72B43F6E8004A25F3 /* FirebasePerformance */ = {
			isa = XCSwiftPackageProductDependency;
			package = 9FE87BAA2B43F6E8004A25F3 /* XCRemoteSwiftPackageReference "firebase-ios-sdk" */;
			productName = FirebasePerformance;
		};
		9FE87BD92B43F6E8004A25F3 /* FirebaseRemoteConfig */ = {
			isa = XCSwiftPackageProductDependency;
			package = 9FE87BAA2B43F6E8004A25F3 /* XCRemoteSwiftPackageReference "firebase-ios-sdk" */;
			productName = FirebaseRemoteConfig;
		};
		9FE87BDB2B43F6E8004A25F3 /* FirebaseRemoteConfigSwift */ = {
			isa = XCSwiftPackageProductDependency;
			package = 9FE87BAA2B43F6E8004A25F3 /* XCRemoteSwiftPackageReference "firebase-ios-sdk" */;
			productName = FirebaseRemoteConfigSwift;
		};
		9FE87BDD2B43F6E8004A25F3 /* FirebaseStorage */ = {
			isa = XCSwiftPackageProductDependency;
			package = 9FE87BAA2B43F6E8004A25F3 /* XCRemoteSwiftPackageReference "firebase-ios-sdk" */;
			productName = FirebaseStorage;
		};
		9FE87BDF2B43F6E8004A25F3 /* FirebaseStorageCombine-Community */ = {
			isa = XCSwiftPackageProductDependency;
			package = 9FE87BAA2B43F6E8004A25F3 /* XCRemoteSwiftPackageReference "firebase-ios-sdk" */;
			productName = "FirebaseStorageCombine-Community";
		};
		9FE87BE32B444F99004A25F3 /* FirebaseAnalytics */ = {
			isa = XCSwiftPackageProductDependency;
			package = 9FE87BAA2B43F6E8004A25F3 /* XCRemoteSwiftPackageReference "firebase-ios-sdk" */;
			productName = FirebaseAnalytics;
		};
		9FE87BE52B444F99004A25F3 /* FirebaseAnalyticsOnDeviceConversion */ = {
			isa = XCSwiftPackageProductDependency;
			package = 9FE87BAA2B43F6E8004A25F3 /* XCRemoteSwiftPackageReference "firebase-ios-sdk" */;
			productName = FirebaseAnalyticsOnDeviceConversion;
		};
		9FE87BE72B444F99004A25F3 /* FirebaseAnalyticsSwift */ = {
			isa = XCSwiftPackageProductDependency;
			package = 9FE87BAA2B43F6E8004A25F3 /* XCRemoteSwiftPackageReference "firebase-ios-sdk" */;
			productName = FirebaseAnalyticsSwift;
		};
		9FE87BE92B444F99004A25F3 /* FirebaseAnalyticsWithoutAdIdSupport */ = {
			isa = XCSwiftPackageProductDependency;
			package = 9FE87BAA2B43F6E8004A25F3 /* XCRemoteSwiftPackageReference "firebase-ios-sdk" */;
			productName = FirebaseAnalyticsWithoutAdIdSupport;
		};
		9FE87BEB2B444F99004A25F3 /* FirebaseAppCheck */ = {
			isa = XCSwiftPackageProductDependency;
			package = 9FE87BAA2B43F6E8004A25F3 /* XCRemoteSwiftPackageReference "firebase-ios-sdk" */;
			productName = FirebaseAppCheck;
		};
		9FE87BED2B444F9A004A25F3 /* FirebaseAppDistribution-Beta */ = {
			isa = XCSwiftPackageProductDependency;
			package = 9FE87BAA2B43F6E8004A25F3 /* XCRemoteSwiftPackageReference "firebase-ios-sdk" */;
			productName = "FirebaseAppDistribution-Beta";
		};
		9FE87BEF2B444F9A004A25F3 /* FirebaseAuth */ = {
			isa = XCSwiftPackageProductDependency;
			package = 9FE87BAA2B43F6E8004A25F3 /* XCRemoteSwiftPackageReference "firebase-ios-sdk" */;
			productName = FirebaseAuth;
		};
		9FE87BF12B444F9A004A25F3 /* FirebaseAuthCombine-Community */ = {
			isa = XCSwiftPackageProductDependency;
			package = 9FE87BAA2B43F6E8004A25F3 /* XCRemoteSwiftPackageReference "firebase-ios-sdk" */;
			productName = "FirebaseAuthCombine-Community";
		};
		9FE87BF32B444F9A004A25F3 /* FirebaseCrashlytics */ = {
			isa = XCSwiftPackageProductDependency;
			package = 9FE87BAA2B43F6E8004A25F3 /* XCRemoteSwiftPackageReference "firebase-ios-sdk" */;
			productName = FirebaseCrashlytics;
		};
		9FE87BF52B444F9A004A25F3 /* FirebaseDatabase */ = {
			isa = XCSwiftPackageProductDependency;
			package = 9FE87BAA2B43F6E8004A25F3 /* XCRemoteSwiftPackageReference "firebase-ios-sdk" */;
			productName = FirebaseDatabase;
		};
		9FE87BF72B444F9A004A25F3 /* FirebaseDatabaseSwift */ = {
			isa = XCSwiftPackageProductDependency;
			package = 9FE87BAA2B43F6E8004A25F3 /* XCRemoteSwiftPackageReference "firebase-ios-sdk" */;
			productName = FirebaseDatabaseSwift;
		};
		9FE87BF92B444F9A004A25F3 /* FirebaseDynamicLinks */ = {
			isa = XCSwiftPackageProductDependency;
			package = 9FE87BAA2B43F6E8004A25F3 /* XCRemoteSwiftPackageReference "firebase-ios-sdk" */;
			productName = FirebaseDynamicLinks;
		};
		9FE87BFB2B444F9A004A25F3 /* FirebaseFirestore */ = {
			isa = XCSwiftPackageProductDependency;
			package = 9FE87BAA2B43F6E8004A25F3 /* XCRemoteSwiftPackageReference "firebase-ios-sdk" */;
			productName = FirebaseFirestore;
		};
		9FE87BFD2B444F9A004A25F3 /* FirebaseFirestoreCombine-Community */ = {
			isa = XCSwiftPackageProductDependency;
			package = 9FE87BAA2B43F6E8004A25F3 /* XCRemoteSwiftPackageReference "firebase-ios-sdk" */;
			productName = "FirebaseFirestoreCombine-Community";
		};
		9FE87BFF2B444F9A004A25F3 /* FirebaseFirestoreSwift */ = {
			isa = XCSwiftPackageProductDependency;
			package = 9FE87BAA2B43F6E8004A25F3 /* XCRemoteSwiftPackageReference "firebase-ios-sdk" */;
			productName = FirebaseFirestoreSwift;
		};
		9FE87C012B444F9A004A25F3 /* FirebaseFunctions */ = {
			isa = XCSwiftPackageProductDependency;
			package = 9FE87BAA2B43F6E8004A25F3 /* XCRemoteSwiftPackageReference "firebase-ios-sdk" */;
			productName = FirebaseFunctions;
		};
		9FE87C032B444F9A004A25F3 /* FirebaseFunctionsCombine-Community */ = {
			isa = XCSwiftPackageProductDependency;
			package = 9FE87BAA2B43F6E8004A25F3 /* XCRemoteSwiftPackageReference "firebase-ios-sdk" */;
			productName = "FirebaseFunctionsCombine-Community";
		};
		9FE87C052B444F9A004A25F3 /* FirebaseInAppMessaging-Beta */ = {
			isa = XCSwiftPackageProductDependency;
			package = 9FE87BAA2B43F6E8004A25F3 /* XCRemoteSwiftPackageReference "firebase-ios-sdk" */;
			productName = "FirebaseInAppMessaging-Beta";
		};
		9FE87C072B444F9A004A25F3 /* FirebaseInAppMessagingSwift-Beta */ = {
			isa = XCSwiftPackageProductDependency;
			package = 9FE87BAA2B43F6E8004A25F3 /* XCRemoteSwiftPackageReference "firebase-ios-sdk" */;
			productName = "FirebaseInAppMessagingSwift-Beta";
		};
		9FE87C092B444F9A004A25F3 /* FirebaseInstallations */ = {
			isa = XCSwiftPackageProductDependency;
			package = 9FE87BAA2B43F6E8004A25F3 /* XCRemoteSwiftPackageReference "firebase-ios-sdk" */;
			productName = FirebaseInstallations;
		};
		9FE87C0B2B444F9A004A25F3 /* FirebaseMLModelDownloader */ = {
			isa = XCSwiftPackageProductDependency;
			package = 9FE87BAA2B43F6E8004A25F3 /* XCRemoteSwiftPackageReference "firebase-ios-sdk" */;
			productName = FirebaseMLModelDownloader;
		};
		9FE87C0D2B444F9A004A25F3 /* FirebaseMessaging */ = {
			isa = XCSwiftPackageProductDependency;
			package = 9FE87BAA2B43F6E8004A25F3 /* XCRemoteSwiftPackageReference "firebase-ios-sdk" */;
			productName = FirebaseMessaging;
		};
		9FE87C0F2B444F9A004A25F3 /* FirebasePerformance */ = {
			isa = XCSwiftPackageProductDependency;
			package = 9FE87BAA2B43F6E8004A25F3 /* XCRemoteSwiftPackageReference "firebase-ios-sdk" */;
			productName = FirebasePerformance;
		};
		9FE87C112B444F9A004A25F3 /* FirebaseRemoteConfig */ = {
			isa = XCSwiftPackageProductDependency;
			package = 9FE87BAA2B43F6E8004A25F3 /* XCRemoteSwiftPackageReference "firebase-ios-sdk" */;
			productName = FirebaseRemoteConfig;
		};
		9FE87C132B444F9A004A25F3 /* FirebaseRemoteConfigSwift */ = {
			isa = XCSwiftPackageProductDependency;
			package = 9FE87BAA2B43F6E8004A25F3 /* XCRemoteSwiftPackageReference "firebase-ios-sdk" */;
			productName = FirebaseRemoteConfigSwift;
		};
		9FE87C152B444F9A004A25F3 /* FirebaseStorage */ = {
			isa = XCSwiftPackageProductDependency;
			package = 9FE87BAA2B43F6E8004A25F3 /* XCRemoteSwiftPackageReference "firebase-ios-sdk" */;
			productName = FirebaseStorage;
		};
		9FE87C172B444F9A004A25F3 /* FirebaseStorageCombine-Community */ = {
			isa = XCSwiftPackageProductDependency;
			package = 9FE87BAA2B43F6E8004A25F3 /* XCRemoteSwiftPackageReference "firebase-ios-sdk" */;
			productName = "FirebaseStorageCombine-Community";
		};
/* End XCSwiftPackageProductDependency section */
	};
	rootObject = 7555FF73242A565900829871 /* Project object */;
}
